# This file is generated by running "yarn install" inside your project.
# Manual changes might be lost - proceed with caution!

__metadata:
  version: 6
  cacheKey: 8

"@esbuild/aix-ppc64@npm:0.27.7":
  version: 0.27.7
  resolution: "@esbuild/aix-ppc64@npm:0.27.7"
  conditions: os=aix & cpu=ppc64
  languageName: node
  linkType: hard

"@esbuild/android-arm64@npm:0.27.7":
  version: 0.27.7
  resolution: "@esbuild/android-arm64@npm:0.27.7"
  conditions: os=android & cpu=arm64
  languageName: node
  linkType: hard

"@esbuild/android-arm@npm:0.27.7":
  version: 0.27.7
  resolution: "@esbuild/android-arm@npm:0.27.7"
  conditions: os=android & cpu=arm
  languageName: node
  linkType: hard

"@esbuild/android-x64@npm:0.27.7":
  version: 0.27.7
  resolution: "@esbuild/android-x64@npm:0.27.7"
  conditions: os=android & cpu=x64
  languageName: node
  linkType: hard

"@esbuild/darwin-arm64@npm:0.27.7":
  version: 0.27.7
  resolution: "@esbuild/darwin-arm64@npm:0.27.7"
  conditions: os=darwin & cpu=arm64
  languageName: node
  linkType: hard

"@esbuild/darwin-x64@npm:0.27.7":
  version: 0.27.7
  resolution: "@esbuild/darwin-x64@npm:0.27.7"
  conditions: os=darwin & cpu=x64
  languageName: node
  linkType: hard

"@esbuild/freebsd-arm64@npm:0.27.7":
  version: 0.27.7
  resolution: "@esbuild/freebsd-arm64@npm:0.27.7"
  conditions: os=freebsd & cpu=arm64
  languageName: node
  linkType: hard

"@esbuild/freebsd-x64@npm:0.27.7":
  version: 0.27.7
  resolution: "@esbuild/freebsd-x64@npm:0.27.7"
  conditions: os=freebsd & cpu=x64
  languageName: node
  linkType: hard

"@esbuild/linux-arm64@npm:0.27.7":
  version: 0.27.7
  resolution: "@esbuild/linux-arm64@npm:0.27.7"
  conditions: os=linux & cpu=arm64
  languageName: node
  linkType: hard

"@esbuild/linux-arm@npm:0.27.7":
  version: 0.27.7
  resolution: "@esbuild/linux-arm@npm:0.27.7"
  conditions: os=linux & cpu=arm
  languageName: node
  linkType: hard

"@esbuild/linux-ia32@npm:0.27.7":
  version: 0.27.7
  resolution: "@esbuild/linux-ia32@npm:0.27.7"
  conditions: os=linux & cpu=ia32
  languageName: node
  linkType: hard

"@esbuild/linux-loong64@npm:0.27.7":
  version: 0.27.7
  resolution: "@esbuild/linux-loong64@npm:0.27.7"
  conditions: os=linux & cpu=loong64
  languageName: node
  linkType: hard

"@esbuild/linux-mips64el@npm:0.27.7":
  version: 0.27.7
  resolution: "@esbuild/linux-mips64el@npm:0.27.7"
  conditions: os=linux & cpu=mips64el
  languageName: node
  linkType: hard

"@esbuild/linux-ppc64@npm:0.27.7":
  version: 0.27.7
  resolution: "@esbuild/linux-ppc64@npm:0.27.7"
  conditions: os=linux & cpu=ppc64
  languageName: node
  linkType: hard

"@esbuild/linux-riscv64@npm:0.27.7":
  version: 0.27.7
  resolution: "@esbuild/linux-riscv64@npm:0.27.7"
  conditions: os=linux & cpu=riscv64
  languageName: node
  linkType: hard

"@esbuild/linux-s390x@npm:0.27.7":
  version: 0.27.7
  resolution: "@esbuild/linux-s390x@npm:0.27.7"
  conditions: os=linux & cpu=s390x
  languageName: node
  linkType: hard

"@esbuild/linux-x64@npm:0.27.7":
  version: 0.27.7
  resolution: "@esbuild/linux-x64@npm:0.27.7"
  conditions: os=linux & cpu=x64
  languageName: node
  linkType: hard

"@esbuild/netbsd-arm64@npm:0.27.7":
  version: 0.27.7
  resolution: "@esbuild/netbsd-arm64@npm:0.27.7"
  conditions: os=netbsd & cpu=arm64
  languageName: node
  linkType: hard

"@esbuild/netbsd-x64@npm:0.27.7":
  version: 0.27.7
  resolution: "@esbuild/netbsd-x64@npm:0.27.7"
  conditions: os=netbsd & cpu=x64
  languageName: node
  linkType: hard

"@esbuild/openbsd-arm64@npm:0.27.7":
  version: 0.27.7
  resolution: "@esbuild/openbsd-arm64@npm:0.27.7"
  conditions: os=openbsd & cpu=arm64
  languageName: node
  linkType: hard

"@esbuild/openbsd-x64@npm:0.27.7":
  version: 0.27.7
  resolution: "@esbuild/openbsd-x64@npm:0.27.7"
  conditions: os=openbsd & cpu=x64
  languageName: node
  linkType: hard

"@esbuild/openharmony-arm64@npm:0.27.7":
  version: 0.27.7
  resolution: "@esbuild/openharmony-arm64@npm:0.27.7"
  conditions: os=openharmony & cpu=arm64
  languageName: node
  linkType: hard

"@esbuild/sunos-x64@npm:0.27.7":
  version: 0.27.7
  resolution: "@esbuild/sunos-x64@npm:0.27.7"
  conditions: os=sunos & cpu=x64
  languageName: node
  linkType: hard

"@esbuild/win32-arm64@npm:0.27.7":
  version: 0.27.7
  resolution: "@esbuild/win32-arm64@npm:0.27.7"
  conditions: os=win32 & cpu=arm64
  languageName: node
  linkType: hard

"@esbuild/win32-ia32@npm:0.27.7":
  version: 0.27.7
  resolution: "@esbuild/win32-ia32@npm:0.27.7"
  conditions: os=win32 & cpu=ia32
  languageName: node
  linkType: hard

"@esbuild/win32-x64@npm:0.27.7":
  version: 0.27.7
  resolution: "@esbuild/win32-x64@npm:0.27.7"
  conditions: os=win32 & cpu=x64
  languageName: node
  linkType: hard

"@isaacs/fs-minipass@npm:^4.0.0":
  version: 4.0.1
  resolution: "@isaacs/fs-minipass@npm:4.0.1"
  dependencies:
    minipass: ^7.0.4
  checksum: 5d36d289960e886484362d9eb6a51d1ea28baed5f5d0140bbe62b99bac52eaf06cc01c2bc0d3575977962f84f6b2c4387b043ee632216643d4787b0999465bf2
  languageName: node
  linkType: hard

"abbrev@npm:^4.0.0":
  version: 4.0.0
  resolution: "abbrev@npm:4.0.0"
  checksum: d0344b63d28e763f259b4898c41bdc92c08e9d06d0da5617d0bbe4d78244e46daea88c510a2f9472af59b031d9060ec1a999653144e793fd029a59dae2f56dc8
  languageName: node
  linkType: hard

"ajv@npm:^8.17.1":
  version: 8.20.0
  resolution: "ajv@npm:8.20.0"
  dependencies:
    fast-deep-equal: ^3.1.3
    fast-uri: ^3.0.1
    json-schema-traverse: ^1.0.0
    require-from-string: ^2.0.2
  checksum: 4f18ca5fcccff8c8b9a4d6f1a6a3a70ffc888e787624ca66f2d0162e04e8f9f2d289d8a1acdb9520d18bffcee975e7a789a9f8292b5c2c577c408cd2c3308cad
  languageName: node
  linkType: hard

"chownr@npm:^3.0.0":
  version: 3.0.0
  resolution: "chownr@npm:3.0.0"
  checksum: fd73a4bab48b79e66903fe1cafbdc208956f41ea4f856df883d0c7277b7ab29fd33ee65f93b2ec9192fc0169238f2f8307b7735d27c155821d886b84aa97aa8d
  languageName: node
  linkType: hard

"env-paths@npm:^2.2.0":
  version: 2.2.1
  resolution: "env-paths@npm:2.2.1"
  checksum: 65b5df55a8bab92229ab2b40dad3b387fad24613263d103a97f91c9fe43ceb21965cd3392b1ccb5d77088021e525c4e0481adb309625d0cb94ade1d1fb8dc17e
  languageName: node
  linkType: hard

"esbuild@npm:~0.27.0":
  version: 0.27.7
  resolution: "esbuild@npm:0.27.7"
  dependencies:
    "@esbuild/aix-ppc64": 0.27.7
    "@esbuild/android-arm": 0.27.7
    "@esbuild/android-arm64": 0.27.7
    "@esbuild/android-x64": 0.27.7
    "@esbuild/darwin-arm64": 0.27.7
    "@esbuild/darwin-x64": 0.27.7
    "@esbuild/freebsd-arm64": 0.27.7
    "@esbuild/freebsd-x64": 0.27.7
    "@esbuild/linux-arm": 0.27.7
    "@esbuild/linux-arm64": 0.27.7
    "@esbuild/linux-ia32": 0.27.7
    "@esbuild/linux-loong64": 0.27.7
    "@esbuild/linux-mips64el": 0.27.7
    "@esbuild/linux-ppc64": 0.27.7
    "@esbuild/linux-riscv64": 0.27.7
    "@esbuild/linux-s390x": 0.27.7
    "@esbuild/linux-x64": 0.27.7
    "@esbuild/netbsd-arm64": 0.27.7
    "@esbuild/netbsd-x64": 0.27.7
    "@esbuild/openbsd-arm64": 0.27.7
    "@esbuild/openbsd-x64": 0.27.7
    "@esbuild/openharmony-arm64": 0.27.7
    "@esbuild/sunos-x64": 0.27.7
    "@esbuild/win32-arm64": 0.27.7
    "@esbuild/win32-ia32": 0.27.7
    "@esbuild/win32-x64": 0.27.7
  dependenciesMeta:
    "@esbuild/aix-ppc64":
      optional: true
    "@esbuild/android-arm":
      optional: true
    "@esbuild/android-arm64":
      optional: true
    "@esbuild/android-x64":
      optional: true
    "@esbuild/darwin-arm64":
      optional: true
    "@esbuild/darwin-x64":
      optional: true
    "@esbuild/freebsd-arm64":
      optional: true
    "@esbuild/freebsd-x64":
      optional: true
    "@esbuild/linux-arm":
      optional: true
    "@esbuild/linux-arm64":
      optional: true
    "@esbuild/linux-ia32":
      optional: true
    "@esbuild/linux-loong64":
      optional: true
    "@esbuild/linux-mips64el":
      optional: true
    "@esbuild/linux-ppc64":
      optional: true
    "@esbuild/linux-riscv64":
      optional: true
    "@esbuild/linux-s390x":
      optional: true
    "@esbuild/linux-x64":
      optional: true
    "@esbuild/netbsd-arm64":
      optional: true
    "@esbuild/netbsd-x64":
      optional: true
    "@esbuild/openbsd-arm64":
      optional: true
    "@esbuild/openbsd-x64":
      optional: true
    "@esbuild/openharmony-arm64":
      optional: true
    "@esbuild/sunos-x64":
      optional: true
    "@esbuild/win32-arm64":
      optional: true
    "@esbuild/win32-ia32":
      optional: true
    "@esbuild/win32-x64":
      optional: true
  bin:
    esbuild: bin/esbuild
  checksum: ea7ee3c039b83caae1b59bb7ae2db9c6bceb21bccb033dbc4c0c45cb159554ead4289492ad874857bbca7f6e37bf74e04e892544de2b3c5c7888c8ef8beaf2f7
  languageName: node
  linkType: hard

"exponential-backoff@npm:^3.1.1":
  version: 3.1.3
  resolution: "exponential-backoff@npm:3.1.3"
  checksum: 471fdb70fd3d2c08a74a026973bdd4105b7832911f610ca67bbb74e39279411c1eed2f2a110c9d41c2edd89459ba58fdaba1c174beed73e7a42d773882dcff82
  languageName: node
  linkType: hard

"fast-deep-equal@npm:^3.1.3":
  version: 3.1.3
  resolution: "fast-deep-equal@npm:3.1.3"
  checksum: e21a9d8d84f53493b6aa15efc9cfd53dd5b714a1f23f67fb5dc8f574af80df889b3bce25dc081887c6d25457cce704e636395333abad896ccdec03abaf1f3f9d
  languageName: node
  linkType: hard

"fast-uri@npm:^3.0.1":
  version: 3.1.2
  resolution: "fast-uri@npm:3.1.2"
  checksum: 73a6e1b04e6fcf7a09ed93316e72d643ef177d26969973784690708612141f2c2f74657120bab75bf5bbc26bfd535a32c90a8c3bc50aca50584cf01f98815afe
  languageName: node
  linkType: hard

"fdir@npm:^6.5.0":
  version: 6.5.0
  resolution: "fdir@npm:6.5.0"
  peerDependencies:
    picomatch: ^3 || ^4
  peerDependenciesMeta:
    picomatch:
      optional: true
  checksum: bd537daa9d3cd53887eed35efa0eab2dbb1ca408790e10e024120e7a36c6e9ae2b33710cb8381e35def01bc9c1d7eaba746f886338413e68ff6ebaee07b9a6e8
  languageName: node
  linkType: hard

"fsevents@npm:~2.3.3":
  version: 2.3.3
  resolution: "fsevents@npm:2.3.3"
  dependencies:
    node-gyp: latest
  checksum: 11e6ea6fea15e42461fc55b4b0e4a0a3c654faa567f1877dbd353f39156f69def97a69936d1746619d656c4b93de2238bf731f6085a03a50cabf287c9d024317
  conditions: os=darwin
  languageName: node
  linkType: hard

"fsevents@patch:fsevents@~2.3.3#~builtin<compat/fsevents>":
  version: 2.3.3
  resolution: "fsevents@patch:fsevents@npm%3A2.3.3#~builtin<compat/fsevents>::version=2.3.3&hash=df0bf1"
  dependencies:
    node-gyp: latest
  conditions: os=darwin
  languageName: node
  linkType: hard

"get-tsconfig@npm:^4.7.5":
  version: 4.14.0
  resolution: "get-tsconfig@npm:4.14.0"
  dependencies:
    resolve-pkg-maps: ^1.0.0
  checksum: d3b757791338a0ce419d741e0600e0d3c6f14cac92fd7db7bb050421680ceeb127d306f5022e8fd660a918e2d5a69db0bb8b0dd2ea3f265e0bbedc4674abccf8
  languageName: node
  linkType: hard

"graceful-fs@npm:^4.2.6":
  version: 4.2.11
  resolution: "graceful-fs@npm:4.2.11"
  checksum: ac85f94da92d8eb6b7f5a8b20ce65e43d66761c55ce85ac96df6865308390da45a8d3f0296dd3a663de65d30ba497bd46c696cc1e248c72b13d6d567138a4fc7
  languageName: node
  linkType: hard

"isexe@npm:^4.0.0":
  version: 4.0.0
  resolution: "isexe@npm:4.0.0"
  checksum: 2ead327ef596042ef9c9ec5f236b316acfaedb87f4bb61b3c3d574fb2e9c8a04b67305e04733bde52c24d9622fdebd3270aadb632adfbf9cadef88fe30f479e5
  languageName: node
  linkType: hard

"json-schema-traverse@npm:^1.0.0":
  version: 1.0.0
  resolution: "json-schema-traverse@npm:1.0.0"
  checksum: 02f2f466cdb0362558b2f1fd5e15cce82ef55d60cd7f8fa828cf35ba74330f8d767fcae5c5c2adb7851fa811766c694b9405810879bc4e1ddd78a7c0e03658ad
  languageName: node
  linkType: hard

"kbac-hooks@workspace:.":
  version: 0.0.0-use.local
  resolution: "kbac-hooks@workspace:."
  dependencies:
    ajv: ^8.17.1
    tsx: ^4.19.0
    typebox: ^1.0.0
  languageName: unknown
  linkType: soft

"minipass@npm:^7.0.4, minipass@npm:^7.1.2":
  version: 7.1.3
  resolution: "minipass@npm:7.1.3"
  checksum: 2ede17c0bf8fec499be3360fd07f0ec7666189e3907320a9b653f1530cf84af98928c5b12d80bfb75f321833bf2e97785b940540213ebdafe97a5f10327e664d
  languageName: node
  linkType: hard

"minizlib@npm:^3.1.0":
  version: 3.1.0
  resolution: "minizlib@npm:3.1.0"
  dependencies:
    minipass: ^7.1.2
  checksum: a15e6f0128f514b7d41a1c68ce531155447f4669e32d279bba1c1c071ef6c2abd7e4d4579bb59ccc2ed1531346749665968fdd7be8d83eb6b6ae2fe1f3d370a7
  languageName: node
  linkType: hard

"node-gyp@npm:latest":
  version: 12.3.0
  resolution: "node-gyp@npm:12.3.0"
  dependencies:
    env-paths: ^2.2.0
    exponential-backoff: ^3.1.1
    graceful-fs: ^4.2.6
    nopt: ^9.0.0
    proc-log: ^6.0.0
    semver: ^7.3.5
    tar: ^7.5.4
    tinyglobby: ^0.2.12
    undici: ^6.25.0
    which: ^6.0.0
  bin:
    node-gyp: bin/node-gyp.js
  checksum: b02e8776908a83f25b8df88f0b79c46b425f9b7f442ebe3c4a50b9820128c1b44df6b386214c73d509964995d820edbda94bb0c811b6b60a686231afb699acf7
  languageName: node
  linkType: hard

"nopt@npm:^9.0.0":
  version: 9.0.0
  resolution: "nopt@npm:9.0.0"
  dependencies:
    abbrev: ^4.0.0
  bin:
    nopt: bin/nopt.js
  checksum: 7a5d9ab0629eaec1944a95438cc4efa6418ed2834aa8eb21a1bea579a7d8ac3e30120131855376a96ef59ab0e23ad8e0bc94d3349770a95e5cb7119339f7c7fb
  languageName: node
  linkType: hard

"picomatch@npm:^4.0.4":
  version: 4.0.4
  resolution: "picomatch@npm:4.0.4"
  checksum: 76b387b5157951422fa6049a96bdd1695e39dd126cd99df34d343638dc5cdb8bcdc83fff288c23eddcf7c26657c35e3173d4d5f488c4f28b889b314472e0a662
  languageName: node
  linkType: hard

"proc-log@npm:^6.0.0":
  version: 6.1.0
  resolution: "proc-log@npm:6.1.0"
  checksum: ac450ff8244e95b0c9935b52d629fef92ae69b7e39aea19972a8234259614d644402dd62ce9cb094f4a637d8a4514cba90c1456ad785a40ad5b64d502875a817
  languageName: node
  linkType: hard

"require-from-string@npm:^2.0.2":
  version: 2.0.2
  resolution: "require-from-string@npm:2.0.2"
  checksum: a03ef6895445f33a4015300c426699bc66b2b044ba7b670aa238610381b56d3f07c686251740d575e22f4c87531ba662d06937508f0f3c0f1ddc04db3130560b
  languageName: node
  linkType: hard

"resolve-pkg-maps@npm:^1.0.0":
  version: 1.0.0
  resolution: "resolve-pkg-maps@npm:1.0.0"
  checksum: 1012afc566b3fdb190a6309cc37ef3b2dcc35dff5fa6683a9d00cd25c3247edfbc4691b91078c97adc82a29b77a2660c30d791d65dab4fc78bfc473f60289977
  languageName: node
  linkType: hard

"semver@npm:^7.3.5":
  version: 7.8.0
  resolution: "semver@npm:7.8.0"
  bin:
    semver: bin/semver.js
  checksum: 68e38bc26ed1191d7c78d2b711bdffc2f8b1d05a1caadda41a1d7e1a9d32e1da5ae5b645de5c5f2b27bde830d7e9c1cbeeafcb8fda091830411df7d40be405b1
  languageName: node
  linkType: hard

"tar@npm:^7.5.4":
  version: 7.5.15
  resolution: "tar@npm:7.5.15"
  dependencies:
    "@isaacs/fs-minipass": ^4.0.0
    chownr: ^3.0.0
    minipass: ^7.1.2
    minizlib: ^3.1.0
    yallist: ^5.0.0
  checksum: b00ede0737f262691b18bd60aebdd15663c7cdabd40adce64dde0b69f65b7afb91cf31a4cae3bc184e2358aa14371fb0b56d6f7c0c0cc8b0238df1242c0e07ca
  languageName: node
  linkType: hard

"tinyglobby@npm:^0.2.12":
  version: 0.2.16
  resolution: "tinyglobby@npm:0.2.16"
  dependencies:
    fdir: ^6.5.0
    picomatch: ^4.0.4
  checksum: db9d22ce1deb1095720a683c492cd5e80da0f71fed21ed697e2752f6f298edd8a1249dab197c86a26f001c180594a81bf532400fe519791ed2a2cb57b03bc337
  languageName: node
  linkType: hard

"tsx@npm:^4.19.0":
  version: 4.21.0
  resolution: "tsx@npm:4.21.0"
  dependencies:
    esbuild: ~0.27.0
    fsevents: ~2.3.3
    get-tsconfig: ^4.7.5
  dependenciesMeta:
    fsevents:
      optional: true
  bin:
    tsx: dist/cli.mjs
  checksum: 50c98e4b6e66d1c30f72925c8e5e7be1a02377574de7cd367d7e7a6d4af43ca8ff659f91c654e7628b25a5498015e32f090529b92c679b0342811e1cf682e8cf
  languageName: node
  linkType: hard

"typebox@npm:^1.0.0":
  version: 1.1.38
  resolution: "typebox@npm:1.1.38"
  checksum: da5fc343637cf4d699ab0564c6d8e89dc8e231d433e260944b00de18a9c7dd639906113899176986715c7e7d45e304da76cb4aaac49b56e24aec7e11a7752523
  languageName: node
  linkType: hard

"undici@npm:^6.25.0":
  version: 6.25.0
  resolution: "undici@npm:6.25.0"
  checksum: aed372e1b0f16045696c878e46b03e97dfd1c6dd650fb2355d48adeecc730c990ab15ab2de5a5855dbfe04c9af403a3d4f702234d3e25e72c475d1fb3a72fcfe
  languageName: node
  linkType: hard

"which@npm:^6.0.0":
  version: 6.0.1
  resolution: "which@npm:6.0.1"
  dependencies:
    isexe: ^4.0.0
  bin:
    node-which: bin/which.js
  checksum: dbea77c7d3058bf6c78bf9659d2dce4d2b57d39a15b826b2af6ac2e5a219b99dc8a831b79fdbc453c0598adb4f3f84cf9c2491fd52beb9f5d2dececcad117f68
  languageName: node
  linkType: hard

"yallist@npm:^5.0.0":
  version: 5.0.0
  resolution: "yallist@npm:5.0.0"
  checksum: eba51182400b9f35b017daa7f419f434424410691bbc5de4f4240cc830fdef906b504424992700dc047f16b4d99100a6f8b8b11175c193f38008e9c96322b6a5
  languageName: node
  linkType: hard
